// !$*UTF8*$!
{
	archiveVersion = 1;
	classes = {
	};
	objectVersion = 52;
	objects = {

/* Begin PBXBuildFile section */
		F13682642434A7B700DDC072 /* ZoomSwitcher+Setter.swift in Sources */ = {isa = PBXBuildFile; fileRef = F13682442434A7B700DDC072 /* ZoomSwitcher+Setter.swift */; };
		F13682652434A7B700DDC072 /* FocalType.swift in Sources */ = {isa = PBXBuildFile; fileRef = F13682462434A7B700DDC072 /* FocalType.swift */; };
		F13682662434A7B700DDC072 /* FocalType+Extension.swift in Sources */ = {isa = PBXBuildFile; fileRef = F13682472434A7B700DDC072 /* FocalType+Extension.swift */; };
		F13682672434A7B700DDC072 /* ZoomSwitcher+Getter.swift in Sources */ = {isa = PBXBuildFile; fileRef = F13682482434A7B700DDC072 /* ZoomSwitcher+Getter.swift */; };
		F13682682434A7B700DDC072 /* ZoomSwitcher.swift in Sources */ = {isa = PBXBuildFile; fileRef = F13682492434A7B700DDC072 /* ZoomSwitcher.swift */; };
		F13682692434A7B700DDC072 /* ZoomSwitcherButton+Const.swift in Sources */ = {isa = PBXBuildFile; fileRef = F136824B2434A7B700DDC072 /* ZoomSwitcherButton+Const.swift */; };
		F136826A2434A7B700DDC072 /* ToggleBtn+Event.swift in Sources */ = {isa = PBXBuildFile; fileRef = F136824D2434A7B700DDC072 /* ToggleBtn+Event.swift */; };
		F136826B2434A7B700DDC072 /* ToggleBtn+Extension.swift in Sources */ = {isa = PBXBuildFile; fileRef = F136824E2434A7B700DDC072 /* ToggleBtn+Extension.swift */; };
		F136826C2434A7B700DDC072 /* ToggleBtnKind+TypeAlias.swift in Sources */ = {isa = PBXBuildFile; fileRef = F13682502434A7B700DDC072 /* ToggleBtnKind+TypeAlias.swift */; };
		F136826D2434A7B700DDC072 /* ToggleBtnKind+Const.swift in Sources */ = {isa = PBXBuildFile; fileRef = F13682512434A7B700DDC072 /* ToggleBtnKind+Const.swift */; };
		F136826E2434A7B700DDC072 /* ToggleBtnKind.swift in Sources */ = {isa = PBXBuildFile; fileRef = F13682522434A7B700DDC072 /* ToggleBtnKind.swift */; };
		F136826F2434A7B700DDC072 /* ToggleBtn.swift in Sources */ = {isa = PBXBuildFile; fileRef = F13682532434A7B700DDC072 /* ToggleBtn.swift */; };
		F13682702434A7B700DDC072 /* RoundBtn.swift in Sources */ = {isa = PBXBuildFile; fileRef = F13682552434A7B700DDC072 /* RoundBtn.swift */; };
		F13682712434A7B700DDC072 /* RoundBtn+Event.swift in Sources */ = {isa = PBXBuildFile; fileRef = F13682562434A7B700DDC072 /* RoundBtn+Event.swift */; };
		F13682722434A7B700DDC072 /* ZoomSwitcherButton.swift in Sources */ = {isa = PBXBuildFile; fileRef = F13682572434A7B700DDC072 /* ZoomSwitcherButton.swift */; };
		F13682732434A7B700DDC072 /* ZoomSwitcherButton+Setter.swift in Sources */ = {isa = PBXBuildFile; fileRef = F13682582434A7B700DDC072 /* ZoomSwitcherButton+Setter.swift */; };
		F13682742434A7B700DDC072 /* ZoomSwitcher+Const.swift in Sources */ = {isa = PBXBuildFile; fileRef = F13682592434A7B700DDC072 /* ZoomSwitcher+Const.swift */; };
		F13682752434A7B700DDC072 /* ZoomSwitcher+Typealias.swift in Sources */ = {isa = PBXBuildFile; fileRef = F136825A2434A7B700DDC072 /* ZoomSwitcher+Typealias.swift */; };
		F13682762434A7B700DDC072 /* ZoomSwitcher+Create.swift in Sources */ = {isa = PBXBuildFile; fileRef = F136825B2434A7B700DDC072 /* ZoomSwitcher+Create.swift */; };
		F13682772434A7B700DDC072 /* UIDevice+Extension.swift in Sources */ = {isa = PBXBuildFile; fileRef = F136825E2434A7B700DDC072 /* UIDevice+Extension.swift */; };
		F13682782434A7B700DDC072 /* UIDevice.DeviceType.swift in Sources */ = {isa = PBXBuildFile; fileRef = F136825F2434A7B700DDC072 /* UIDevice.DeviceType.swift */; };
		F13682792434A7B700DDC072 /* ZoomSwitcher+Handler.swift in Sources */ = {isa = PBXBuildFile; fileRef = F13682602434A7B700DDC072 /* ZoomSwitcher+Handler.swift */; };
		F136827A2434A7B700DDC072 /* BackCameraType+Extension.swift in Sources */ = {isa = PBXBuildFile; fileRef = F13682622434A7B700DDC072 /* BackCameraType+Extension.swift */; };
		F136827B2434A7B700DDC072 /* BackCameraType.swift in Sources */ = {isa = PBXBuildFile; fileRef = F13682632434A7B700DDC072 /* BackCameraType.swift */; };
		F136827E2434AB4F00DDC072 /* With in Frameworks */ = {isa = PBXBuildFile; productRef = F136827D2434AB4F00DDC072 /* With */; };
		F195D928235B852F00C90136 /* AppDelegate.swift in Sources */ = {isa = PBXBuildFile; fileRef = F195D927235B852F00C90136 /* AppDelegate.swift */; };
		F195D92A235B852F00C90136 /* ViewController.swift in Sources */ = {isa = PBXBuildFile; fileRef = F195D929235B852F00C90136 /* ViewController.swift */; };
		F195D92F235B853500C90136 /* Assets.xcassets in Resources */ = {isa = PBXBuildFile; fileRef = F195D92E235B853500C90136 /* Assets.xcassets */; };
		F195D932235B853500C90136 /* LaunchScreen.storyboard in Resources */ = {isa = PBXBuildFile; fileRef = F195D930235B853500C90136 /* LaunchScreen.storyboard */; };
		F195D93A235B859A00C90136 /* View.swift in Sources */ = {isa = PBXBuildFile; fileRef = F195D939235B859A00C90136 /* View.swift */; };
/* End PBXBuildFile section */

/* Begin PBXCopyFilesBuildPhase section */
		F195D94C235B85CE00C90136 /* Embed Frameworks */ = {
			isa = PBXCopyFilesBuildPhase;
			buildActionMask = 2147483647;
			dstPath = "";
			dstSubfolderSpec = 10;
			files = (
			);
			name = "Embed Frameworks";
			runOnlyForDeploymentPostprocessing = 0;
		};
/* End PBXCopyFilesBuildPhase section */

/* Begin PBXFileReference section */
		F13682442434A7B700DDC072 /* ZoomSwitcher+Setter.swift */ = {isa = PBXFileReference; fileEncoding = 4; lastKnownFileType = sourcecode.swift; path = "ZoomSwitcher+Setter.swift"; sourceTree = "<group>"; };
		F13682462434A7B700DDC072 /* FocalType.swift */ = {isa = PBXFileReference; fileEncoding = 4; lastKnownFileType = sourcecode.swift; path = FocalType.swift; sourceTree = "<group>"; };
		F13682472434A7B700DDC072 /* FocalType+Extension.swift */ = {isa = PBXFileReference; fileEncoding = 4; lastKnownFileType = sourcecode.swift; path = "FocalType+Extension.swift"; sourceTree = "<group>"; };
		F13682482434A7B700DDC072 /* ZoomSwitcher+Getter.swift */ = {isa = PBXFileReference; fileEncoding = 4; lastKnownFileType = sourcecode.swift; path = "ZoomSwitcher+Getter.swift"; sourceTree = "<group>"; };
		F13682492434A7B700DDC072 /* ZoomSwitcher.swift */ = {isa = PBXFileReference; fileEncoding = 4; lastKnownFileType = sourcecode.swift; path = ZoomSwitcher.swift; sourceTree = "<group>"; };
		F136824B2434A7B700DDC072 /* ZoomSwitcherButton+Const.swift */ = {isa = PBXFileReference; fileEncoding = 4; lastKnownFileType = sourcecode.swift; path = "ZoomSwitcherButton+Const.swift"; sourceTree = "<group>"; };
		F136824D2434A7B700DDC072 /* ToggleBtn+Event.swift */ = {isa = PBXFileReference; fileEncoding = 4; lastKnownFileType = sourcecode.swift; path = "ToggleBtn+Event.swift"; sourceTree = "<group>"; };
		F136824E2434A7B700DDC072 /* ToggleBtn+Extension.swift */ = {isa = PBXFileReference; fileEncoding = 4; lastKnownFileType = sourcecode.swift; path = "ToggleBtn+Extension.swift"; sourceTree = "<group>"; };
		F13682502434A7B700DDC072 /* ToggleBtnKind+TypeAlias.swift */ = {isa = PBXFileReference; fileEncoding = 4; lastKnownFileType = sourcecode.swift; path = "ToggleBtnKind+TypeAlias.swift"; sourceTree = "<group>"; };
		F13682512434A7B700DDC072 /* ToggleBtnKind+Const.swift */ = {isa = PBXFileReference; fileEncoding = 4; lastKnownFileType = sourcecode.swift; path = "ToggleBtnKind+Const.swift"; sourceTree = "<group>"; };
		F13682522434A7B700DDC072 /* ToggleBtnKind.swift */ = {isa = PBXFileReference; fileEncoding = 4; lastKnownFileType = sourcecode.swift; path = ToggleBtnKind.swift; sourceTree = "<group>"; };
		F13682532434A7B700DDC072 /* ToggleBtn.swift */ = {isa = PBXFileReference; fileEncoding = 4; lastKnownFileType = sourcecode.swift; path = ToggleBtn.swift; sourceTree = "<group>"; };
		F13682552434A7B700DDC072 /* RoundBtn.swift */ = {isa = PBXFileReference; fileEncoding = 4; lastKnownFileType = sourcecode.swift; path = RoundBtn.swift; sourceTree = "<group>"; };
		F13682562434A7B700DDC072 /* RoundBtn+Event.swift */ = {isa = PBXFileReference; fileEncoding = 4; lastKnownFileType = sourcecode.swift; path = "RoundBtn+Event.swift"; sourceTree = "<group>"; };
		F13682572434A7B700DDC072 /* ZoomSwitcherButton.swift */ = {isa = PBXFileReference; fileEncoding = 4; lastKnownFileType = sourcecode.swift; path = ZoomSwitcherButton.swift; sourceTree = "<group>"; };
		F13682582434A7B700DDC072 /* ZoomSwitcherButton+Setter.swift */ = {isa = PBXFileReference; fileEncoding = 4; lastKnownFileType = sourcecode.swift; path = "ZoomSwitcherButton+Setter.swift"; sourceTree = "<group>"; };
		F13682592434A7B700DDC072 /* ZoomSwitcher+Const.swift */ = {isa = PBXFileReference; fileEncoding = 4; lastKnownFileType = sourcecode.swift; path = "ZoomSwitcher+Const.swift"; sourceTree = "<group>"; };
		F136825A2434A7B700DDC072 /* ZoomSwitcher+Typealias.swift */ = {isa = PBXFileReference; fileEncoding = 4; lastKnownFileType = sourcecode.swift; path = "ZoomSwitcher+Typealias.swift"; sourceTree = "<group>"; };
		F136825B2434A7B700DDC072 /* ZoomSwitcher+Create.swift */ = {isa = PBXFileReference; fileEncoding = 4; lastKnownFileType = sourcecode.swift; path = "ZoomSwitcher+Create.swift"; sourceTree = "<group>"; };
		F136825E2434A7B700DDC072 /* UIDevice+Extension.swift */ = {isa = PBXFileReference; fileEncoding = 4; lastKnownFileType = sourcecode.swift; path = "UIDevice+Extension.swift"; sourceTree = "<group>"; };
		F136825F2434A7B700DDC072 /* UIDevice.DeviceType.swift */ = {isa = PBXFileReference; fileEncoding = 4; lastKnownFileType = sourcecode.swift; path = UIDevice.DeviceType.swift; sourceTree = "<group>"; };
		F13682602434A7B700DDC072 /* ZoomSwitcher+Handler.swift */ = {isa = PBXFileReference; fileEncoding = 4; lastKnownFileType = sourcecode.swift; path = "ZoomSwitcher+Handler.swift"; sourceTree = "<group>"; };
		F13682622434A7B700DDC072 /* BackCameraType+Extension.swift */ = {isa = PBXFileReference; fileEncoding = 4; lastKnownFileType = sourcecode.swift; path = "BackCameraType+Extension.swift"; sourceTree = "<group>"; };
		F13682632434A7B700DDC072 /* BackCameraType.swift */ = {isa = PBXFileReference; fileEncoding = 4; lastKnownFileType = sourcecode.swift; path = BackCameraType.swift; sourceTree = "<group>"; };
		F195D924235B852F00C90136 /* ZoomSwitcherExample.app */ = {isa = PBXFileReference; explicitFileType = wrapper.application; includeInIndex = 0; path = ZoomSwitcherExample.app; sourceTree = BUILT_PRODUCTS_DIR; };
		F195D927235B852F00C90136 /* AppDelegate.swift */ = {isa = PBXFileReference; lastKnownFileType = sourcecode.swift; path = AppDelegate.swift; sourceTree = "<group>"; };
		F195D929235B852F00C90136 /* ViewController.swift */ = {isa = PBXFileReference; lastKnownFileType = sourcecode.swift; path = ViewController.swift; sourceTree = "<group>"; };
		F195D92E235B853500C90136 /* Assets.xcassets */ = {isa = PBXFileReference; lastKnownFileType = folder.assetcatalog; path = Assets.xcassets; sourceTree = "<group>"; };
		F195D931235B853500C90136 /* Base */ = {isa = PBXFileReference; lastKnownFileType = file.storyboard; name = Base; path = Base.lproj/LaunchScreen.storyboard; sourceTree = "<group>"; };
		F195D933235B853500C90136 /* Info.plist */ = {isa = PBXFileReference; lastKnownFileType = text.plist.xml; path = Info.plist; sourceTree = "<group>"; };
		F195D939235B859A00C90136 /* View.swift */ = {isa = PBXFileReference; lastKnownFileType = sourcecode.swift; path = View.swift; sourceTree = "<group>"; };
/* End PBXFileReference section */

/* Begin PBXFrameworksBuildPhase section */
		F195D921235B852F00C90136 /* Frameworks */ = {
			isa = PBXFrameworksBuildPhase;
			buildActionMask = 2147483647;
			files = (
				F136827E2434AB4F00DDC072 /* With in Frameworks */,
			);
			runOnlyForDeploymentPostprocessing = 0;
		};
/* End PBXFrameworksBuildPhase section */

/* Begin PBXGroup section */
		F13682422434A7B700DDC072 /* Sources */ = {
			isa = PBXGroup;
			children = (
				F13682432434A7B700DDC072 /* ZoomSwitcherKit */,
			);
			path = Sources;
			sourceTree = "<group>";
		};
		F13682432434A7B700DDC072 /* ZoomSwitcherKit */ = {
			isa = PBXGroup;
			children = (
				F13682492434A7B700DDC072 /* ZoomSwitcher.swift */,
				F13682442434A7B700DDC072 /* ZoomSwitcher+Setter.swift */,
				F13682482434A7B700DDC072 /* ZoomSwitcher+Getter.swift */,
				F13682592434A7B700DDC072 /* ZoomSwitcher+Const.swift */,
				F136825A2434A7B700DDC072 /* ZoomSwitcher+Typealias.swift */,
				F13682602434A7B700DDC072 /* ZoomSwitcher+Handler.swift */,
				F136825B2434A7B700DDC072 /* ZoomSwitcher+Create.swift */,
				F136824A2434A7B700DDC072 /* ZoomSwitcherButton */,
				F13682452434A7B700DDC072 /* FocalType */,
				F136825C2434A7B700DDC072 /* common */,
				F13682612434A7B700DDC072 /* BackCameraType */,
			);
			path = ZoomSwitcherKit;
			sourceTree = "<group>";
		};
		F13682452434A7B700DDC072 /* FocalType */ = {
			isa = PBXGroup;
			children = (
				F13682462434A7B700DDC072 /* FocalType.swift */,
				F13682472434A7B700DDC072 /* FocalType+Extension.swift */,
			);
			path = FocalType;
			sourceTree = "<group>";
		};
		F136824A2434A7B700DDC072 /* ZoomSwitcherButton */ = {
			isa = PBXGroup;
			children = (
				F13682572434A7B700DDC072 /* ZoomSwitcherButton.swift */,
				F13682582434A7B700DDC072 /* ZoomSwitcherButton+Setter.swift */,
				F136824B2434A7B700DDC072 /* ZoomSwitcherButton+Const.swift */,
				F136824C2434A7B700DDC072 /* ToggleButton */,
				F13682542434A7B700DDC072 /* RoundButton */,
			);
			path = ZoomSwitcherButton;
			sourceTree = "<group>";
		};
		F136824C2434A7B700DDC072 /* ToggleButton */ = {
			isa = PBXGroup;
			children = (
				F13682532434A7B700DDC072 /* ToggleBtn.swift */,
				F136824D2434A7B700DDC072 /* ToggleBtn+Event.swift */,
				F136824E2434A7B700DDC072 /* ToggleBtn+Extension.swift */,
				F136824F2434A7B700DDC072 /* ToggleButtonKind */,
			);
			path = ToggleButton;
			sourceTree = "<group>";
		};
		F136824F2434A7B700DDC072 /* ToggleButtonKind */ = {
			isa = PBXGroup;
			children = (
				F13682522434A7B700DDC072 /* ToggleBtnKind.swift */,
				F13682502434A7B700DDC072 /* ToggleBtnKind+TypeAlias.swift */,
				F13682512434A7B700DDC072 /* ToggleBtnKind+Const.swift */,
			);
			path = ToggleButtonKind;
			sourceTree = "<group>";
		};
		F13682542434A7B700DDC072 /* RoundButton */ = {
			isa = PBXGroup;
			children = (
				F13682552434A7B700DDC072 /* RoundBtn.swift */,
				F13682562434A7B700DDC072 /* RoundBtn+Event.swift */,
			);
			path = RoundButton;
			sourceTree = "<group>";
		};
		F136825C2434A7B700DDC072 /* common */ = {
			isa = PBXGroup;
			children = (
				F136825D2434A7B700DDC072 /* UIDevice */,
			);
			path = common;
			sourceTree = "<group>";
		};
		F136825D2434A7B700DDC072 /* UIDevice */ = {
			isa = PBXGroup;
			children = (
				F136825E2434A7B700DDC072 /* UIDevice+Extension.swift */,
				F136825F2434A7B700DDC072 /* UIDevice.DeviceType.swift */,
			);
			path = UIDevice;
			sourceTree = "<group>";
		};
		F13682612434A7B700DDC072 /* BackCameraType */ = {
			isa = PBXGroup;
			children = (
				F13682622434A7B700DDC072 /* BackCameraType+Extension.swift */,
				F13682632434A7B700DDC072 /* BackCameraType.swift */,
			);
			path = BackCameraType;
			sourceTree = "<group>";
		};
		F195D91B235B852F00C90136 = {
			isa = PBXGroup;
			children = (
				F13682422434A7B700DDC072 /* Sources */,
				F195D926235B852F00C90136 /* ZoomSwitcherExample */,
				F195D925235B852F00C90136 /* Products */,
				F195D95F235B87CD00C90136 /* Frameworks */,
			);
			sourceTree = "<group>";
		};
		F195D925235B852F00C90136 /* Products */ = {
			isa = PBXGroup;
			children = (
				F195D924235B852F00C90136 /* ZoomSwitcherExample.app */,
			);
			name = Products;
			sourceTree = "<group>";
		};
		F195D926235B852F00C90136 /* ZoomSwitcherExample */ = {
			isa = PBXGroup;
			children = (
				F195D927235B852F00C90136 /* AppDelegate.swift */,
				F195D929235B852F00C90136 /* ViewController.swift */,
				F195D939235B859A00C90136 /* View.swift */,
				F195D92E235B853500C90136 /* Assets.xcassets */,
				F195D930235B853500C90136 /* LaunchScreen.storyboard */,
				F195D933235B853500C90136 /* Info.plist */,
			);
			path = ZoomSwitcherExample;
			sourceTree = "<group>";
		};
		F195D95F235B87CD00C90136 /* Frameworks */ = {
			isa = PBXGroup;
			children = (
			);
			name = Frameworks;
			sourceTree = "<group>";
		};
/* End PBXGroup section */

/* Begin PBXNativeTarget section */
		F195D923235B852F00C90136 /* ZoomSwitcherExample */ = {
			isa = PBXNativeTarget;
			buildConfigurationList = F195D936235B853500C90136 /* Build configuration list for PBXNativeTarget "ZoomSwitcherExample" */;
			buildPhases = (
				F195D920235B852F00C90136 /* Sources */,
				F195D921235B852F00C90136 /* Frameworks */,
				F195D922235B852F00C90136 /* Resources */,
				F195D94C235B85CE00C90136 /* Embed Frameworks */,
				F195D997235C98B300C90136 /* ShellScript */,
			);
			buildRules = (
			);
			dependencies = (
			);
			name = ZoomSwitcherExample;
			packageProductDependencies = (
				F136827D2434AB4F00DDC072 /* With */,
			);
			productName = ZoomSwitcherExample;
			productReference = F195D924235B852F00C90136 /* ZoomSwitcherExample.app */;
			productType = "com.apple.product-type.application";
		};
/* End PBXNativeTarget section */

/* Begin PBXProject section */
		F195D91C235B852F00C90136 /* Project object */ = {
			isa = PBXProject;
			attributes = {
				LastSwiftUpdateCheck = 1020;
				LastUpgradeCheck = 1020;
				ORGANIZATIONNAME = FutureLab;
				TargetAttributes = {
					F195D923235B852F00C90136 = {
						CreatedOnToolsVersion = 10.2;
					};
				};
			};
			buildConfigurationList = F195D91F235B852F00C90136 /* Build configuration list for PBXProject "ZoomSwitcherExample" */;
			compatibilityVersion = "Xcode 9.3";
			developmentRegion = en;
			hasScannedForEncodings = 0;
			knownRegions = (
				en,
				Base,
			);
			mainGroup = F195D91B235B852F00C90136;
			packageReferences = (
				F136827C2434AB4F00DDC072 /* XCRemoteSwiftPackageReference "With" */,
			);
			productRefGroup = F195D925235B852F00C90136 /* Products */;
			projectDirPath = "";
			projectRoot = "";
			targets = (
				F195D923235B852F00C90136 /* ZoomSwitcherExample */,
			);
		};
/* End PBXProject section */

/* Begin PBXResourcesBuildPhase section */
		F195D922235B852F00C90136 /* Resources */ = {
			isa = PBXResourcesBuildPhase;
			buildActionMask = 2147483647;
			files = (
				F195D932235B853500C90136 /* LaunchScreen.storyboard in Resources */,
				F195D92F235B853500C90136 /* Assets.xcassets in Resources */,
			);
			runOnlyForDeploymentPostprocessing = 0;
		};
/* End PBXResourcesBuildPhase section */

/* Begin PBXShellScriptBuildPhase section */
		F195D997235C98B300C90136 /* ShellScript */ = {
			isa = PBXShellScriptBuildPhase;
			buildActionMask = 2147483647;
			files = (
			);
			inputFileListPaths = (
			);
			inputPaths = (
			);
			outputFileListPaths = (
			);
			outputPaths = (
			);
			runOnlyForDeploymentPostprocessing = 0;
			shellPath = /bin/sh;
			shellScript = "if which swiftlint >/dev/null; then\nswiftlint\nelse\necho \"warning: SwiftLint not installed, download from https://github.com/realm/SwiftLint\"\nfi\n";
		};
/* End PBXShellScriptBuildPhase section */

/* Begin PBXSourcesBuildPhase section */
		F195D920235B852F00C90136 /* Sources */ = {
			isa = PBXSourcesBuildPhase;
			buildActionMask = 2147483647;
			files = (
				F13682692434A7B700DDC072 /* ZoomSwitcherButton+Const.swift in Sources */,
				F13682642434A7B700DDC072 /* ZoomSwitcher+Setter.swift in Sources */,
				F13682782434A7B700DDC072 /* UIDevice.DeviceType.swift in Sources */,
				F136826D2434A7B700DDC072 /* ToggleBtnKind+Const.swift in Sources */,
				F13682672434A7B700DDC072 /* ZoomSwitcher+Getter.swift in Sources */,
				F13682712434A7B700DDC072 /* RoundBtn+Event.swift in Sources */,
				F136826F2434A7B700DDC072 /* ToggleBtn.swift in Sources */,
				F13682772434A7B700DDC072 /* UIDevice+Extension.swift in Sources */,
				F13682702434A7B700DDC072 /* RoundBtn.swift in Sources */,
				F13682742434A7B700DDC072 /* ZoomSwitcher+Const.swift in Sources */,
				F13682752434A7B700DDC072 /* ZoomSwitcher+Typealias.swift in Sources */,
				F13682662434A7B700DDC072 /* FocalType+Extension.swift in Sources */,
				F13682682434A7B700DDC072 /* ZoomSwitcher.swift in Sources */,
				F136827A2434A7B700DDC072 /* BackCameraType+Extension.swift in Sources */,
				F136826A2434A7B700DDC072 /* ToggleBtn+Event.swift in Sources */,
				F136826B2434A7B700DDC072 /* ToggleBtn+Extension.swift in Sources */,
				F136826E2434A7B700DDC072 /* ToggleBtnKind.swift in Sources */,
				F136826C2434A7B700DDC072 /* ToggleBtnKind+TypeAlias.swift in Sources */,
				F195D92A235B852F00C90136 /* ViewController.swift in Sources */,
				F195D928235B852F00C90136 /* AppDelegate.swift in Sources */,
				F13682762434A7B700DDC072 /* ZoomSwitcher+Create.swift in Sources */,
				F13682722434A7B700DDC072 /* ZoomSwitcherButton.swift in Sources */,
				F136827B2434A7B700DDC072 /* BackCameraType.swift in Sources */,
				F13682792434A7B700DDC072 /* ZoomSwitcher+Handler.swift in Sources */,
				F195D93A235B859A00C90136 /* View.swift in Sources */,
				F13682732434A7B700DDC072 /* ZoomSwitcherButton+Setter.swift in Sources */,
				F13682652434A7B700DDC072 /* FocalType.swift in Sources */,
			);
			runOnlyForDeploymentPostprocessing = 0;
		};
/* End PBXSourcesBuildPhase section */

/* Begin PBXVariantGroup section */
		F195D930235B853500C90136 /* LaunchScreen.storyboard */ = {
			isa = PBXVariantGroup;
			children = (
				F195D931235B853500C90136 /* Base */,
			);
			name = LaunchScreen.storyboard;
			sourceTree = "<group>";
		};
/* End PBXVariantGroup section */

/* Begin XCBuildConfiguration section */
		F195D934235B853500C90136 /* Debug */ = {
			isa = XCBuildConfiguration;
			buildSettings = {
				ALWAYS_SEARCH_USER_PATHS = NO;
				CLANG_ANALYZER_NONNULL = YES;
				CLANG_ANALYZER_NUMBER_OBJECT_CONVERSION = YES_AGGRESSIVE;
				CLANG_CXX_LANGUAGE_STANDARD = "gnu++14";
				CLANG_CXX_LIBRARY = "libc++";
				CLANG_ENABLE_MODULES = YES;
				CLANG_ENABLE_OBJC_ARC = YES;
				CLANG_ENABLE_OBJC_WEAK = YES;
				CLANG_WARN_BLOCK_CAPTURE_AUTORELEASING = YES;
				CLANG_WARN_BOOL_CONVERSION = YES;
				CLANG_WARN_COMMA = YES;
				CLANG_WARN_CONSTANT_CONVERSION = YES;
				CLANG_WARN_DEPRECATED_OBJC_IMPLEMENTATIONS = YES;
				CLANG_WARN_DIRECT_OBJC_ISA_USAGE = YES_ERROR;
				CLANG_WARN_DOCUMENTATION_COMMENTS = YES;
				CLANG_WARN_EMPTY_BODY = YES;
				CLANG_WARN_ENUM_CONVERSION = YES;
				CLANG_WARN_INFINITE_RECURSION = YES;
				CLANG_WARN_INT_CONVERSION = YES;
				CLANG_WARN_NON_LITERAL_NULL_CONVERSION = YES;
				CLANG_WARN_OBJC_IMPLICIT_RETAIN_SELF = YES;
				CLANG_WARN_OBJC_LITERAL_CONVERSION = YES;
				CLANG_WARN_OBJC_ROOT_CLASS = YES_ERROR;
				CLANG_WARN_RANGE_LOOP_ANALYSIS = YES;
				CLANG_WARN_STRICT_PROTOTYPES = YES;
				CLANG_WARN_SUSPICIOUS_MOVE = YES;
				CLANG_WARN_UNGUARDED_AVAILABILITY = YES_AGGRESSIVE;
				CLANG_WARN_UNREACHABLE_CODE = YES;
				CLANG_WARN__DUPLICATE_METHOD_MATCH = YES;
				CODE_SIGN_IDENTITY = "iPhone Developer";
				COPY_PHASE_STRIP = NO;
				DEBUG_INFORMATION_FORMAT = dwarf;
				ENABLE_STRICT_OBJC_MSGSEND = YES;
				ENABLE_TESTABILITY = YES;
				GCC_C_LANGUAGE_STANDARD = gnu11;
				GCC_DYNAMIC_NO_PIC = NO;
				GCC_NO_COMMON_BLOCKS = YES;
				GCC_OPTIMIZATION_LEVEL = 0;
				GCC_PREPROCESSOR_DEFINITIONS = (
					"DEBUG=1",
					"$(inherited)",
				);
				GCC_WARN_64_TO_32_BIT_CONVERSION = YES;
				GCC_WARN_ABOUT_RETURN_TYPE = YES_ERROR;
				GCC_WARN_UNDECLARED_SELECTOR = YES;
				GCC_WARN_UNINITIALIZED_AUTOS = YES_AGGRESSIVE;
				GCC_WARN_UNUSED_FUNCTION = YES;
				GCC_WARN_UNUSED_VARIABLE = YES;
				IPHONEOS_DEPLOYMENT_TARGET = 12.2;
				MTL_ENABLE_DEBUG_INFO = INCLUDE_SOURCE;
				MTL_FAST_MATH = YES;
				ONLY_ACTIVE_ARCH = YES;
				SDKROOT = iphoneos;
				SWIFT_ACTIVE_COMPILATION_CONDITIONS = DEBUG;
				SWIFT_OPTIMIZATION_LEVEL = "-Onone";
			};
			name = Debug;
		};
		F195D935235B853500C90136 /* Release */ = {
			isa = XCBuildConfiguration;
			buildSettings = {
				ALWAYS_SEARCH_USER_PATHS = NO;
				CLANG_ANALYZER_NONNULL = YES;
				CLANG_ANALYZER_NUMBER_OBJECT_CONVERSION = YES_AGGRESSIVE;
				CLANG_CXX_LANGUAGE_STANDARD = "gnu++14";
				CLANG_CXX_LIBRARY = "libc++";
				CLANG_ENABLE_MODULES = YES;
				CLANG_ENABLE_OBJC_ARC = YES;
				CLANG_ENABLE_OBJC_WEAK = YES;
				CLANG_WARN_BLOCK_CAPTURE_AUTORELEASING = YES;
				CLANG_WARN_BOOL_CONVERSION = YES;
				CLANG_WARN_COMMA = YES;
				CLANG_WARN_CONSTANT_CONVERSION = YES;
				CLANG_WARN_DEPRECATED_OBJC_IMPLEMENTATIONS = YES;
				CLANG_WARN_DIRECT_OBJC_ISA_USAGE = YES_ERROR;
				CLANG_WARN_DOCUMENTATION_COMMENTS = YES;
				CLANG_WARN_EMPTY_BODY = YES;
				CLANG_WARN_ENUM_CONVERSION = YES;
				CLANG_WARN_INFINITE_RECURSION = YES;
				CLANG_WARN_INT_CONVERSION = YES;
				CLANG_WARN_NON_LITERAL_NULL_CONVERSION = YES;
				CLANG_WARN_OBJC_IMPLICIT_RETAIN_SELF = YES;
				CLANG_WARN_OBJC_LITERAL_CONVERSION = YES;
				CLANG_WARN_OBJC_ROOT_CLASS = YES_ERROR;
				CLANG_WARN_RANGE_LOOP_ANALYSIS = YES;
				CLANG_WARN_STRICT_PROTOTYPES = YES;
				CLANG_WARN_SUSPICIOUS_MOVE = YES;
				CLANG_WARN_UNGUARDED_AVAILABILITY = YES_AGGRESSIVE;
				CLANG_WARN_UNREACHABLE_CODE = YES;
				CLANG_WARN__DUPLICATE_METHOD_MATCH = YES;
				CODE_SIGN_IDENTITY = "iPhone Developer";
				COPY_PHASE_STRIP = NO;
				DEBUG_INFORMATION_FORMAT = "dwarf-with-dsym";
				ENABLE_NS_ASSERTIONS = NO;
				ENABLE_STRICT_OBJC_MSGSEND = YES;
				GCC_C_LANGUAGE_STANDARD = gnu11;
				GCC_NO_COMMON_BLOCKS = YES;
				GCC_WARN_64_TO_32_BIT_CONVERSION = YES;
				GCC_WARN_ABOUT_RETURN_TYPE = YES_ERROR;
				GCC_WARN_UNDECLARED_SELECTOR = YES;
				GCC_WARN_UNINITIALIZED_AUTOS = YES_AGGRESSIVE;
				GCC_WARN_UNUSED_FUNCTION = YES;
				GCC_WARN_UNUSED_VARIABLE = YES;
				IPHONEOS_DEPLOYMENT_TARGET = 12.2;
				MTL_ENABLE_DEBUG_INFO = NO;
				MTL_FAST_MATH = YES;
				SDKROOT = iphoneos;
				SWIFT_COMPILATION_MODE = wholemodule;
				SWIFT_OPTIMIZATION_LEVEL = "-O";
				VALIDATE_PRODUCT = YES;
			};
			name = Release;
		};
		F195D937235B853500C90136 /* Debug */ = {
			isa = XCBuildConfiguration;
			buildSettings = {
				ALWAYS_EMBED_SWIFT_STANDARD_LIBRARIES = YES;
				ASSETCATALOG_COMPILER_APPICON_NAME = AppIcon;
				CODE_SIGN_STYLE = Automatic;
				INFOPLIST_FILE = ZoomSwitcherExample/Info.plist;
				LD_RUNPATH_SEARCH_PATHS = (
					"$(inherited)",
					"@executable_path/Frameworks",
				);
				PRODUCT_BUNDLE_IDENTIFIER = io.github.futurelab.ZoomSwitcherExample;
				PRODUCT_NAME = "$(TARGET_NAME)";
				SWIFT_VERSION = 5.0;
				TARGETED_DEVICE_FAMILY = "1,2";
			};
			name = Debug;
		};
		F195D938235B853500C90136 /* Release */ = {
			isa = XCBuildConfiguration;
			buildSettings = {
				ALWAYS_EMBED_SWIFT_STANDARD_LIBRARIES = YES;
				ASSETCATALOG_COMPILER_APPICON_NAME = AppIcon;
				CODE_SIGN_STYLE = Automatic;
				INFOPLIST_FILE = ZoomSwitcherExample/Info.plist;
				LD_RUNPATH_SEARCH_PATHS = (
					"$(inherited)",
					"@executable_path/Frameworks",
				);
				PRODUCT_BUNDLE_IDENTIFIER = io.github.futurelab.ZoomSwitcherExample;
				PRODUCT_NAME = "$(TARGET_NAME)";
				SWIFT_VERSION = 5.0;
				TARGETED_DEVICE_FAMILY = "1,2";
			};
			name = Release;
		};
/* End XCBuildConfiguration section */

/* Begin XCConfigurationList section */
		F195D91F235B852F00C90136 /* Build configuration list for PBXProject "ZoomSwitcherExample" */ = {
			isa = XCConfigurationList;
			buildConfigurations = (
				F195D934235B853500C90136 /* Debug */,
				F195D935235B853500C90136 /* Release */,
			);
			defaultConfigurationIsVisible = 0;
			defaultConfigurationName = Release;
		};
		F195D936235B853500C90136 /* Build configuration list for PBXNativeTarget "ZoomSwitcherExample" */ = {
			isa = XCConfigurationList;
			buildConfigurations = (
				F195D937235B853500C90136 /* Debug */,
				F195D938235B853500C90136 /* Release */,
			);
			defaultConfigurationIsVisible = 0;
			defaultConfigurationName = Release;
		};
/* End XCConfigurationList section */

/* Begin XCRemoteSwiftPackageReference section */
		F136827C2434AB4F00DDC072 /* XCRemoteSwiftPackageReference "With" */ = {
			isa = XCRemoteSwiftPackageReference;
			repositoryURL = "https://github.com/eonist/With.git";
			requirement = {
				branch = master;
				kind = branch;
			};
		};
/* End XCRemoteSwiftPackageReference section */

/* Begin XCSwiftPackageProductDependency section */
		F136827D2434AB4F00DDC072 /* With */ = {
			isa = XCSwiftPackageProductDependency;
			package = F136827C2434AB4F00DDC072 /* XCRemoteSwiftPackageReference "With" */;
			productName = With;
		};
/* End XCSwiftPackageProductDependency section */
	};
	rootObject = F195D91C235B852F00C90136 /* Project object */;
}
